// !$*UTF8*$!
{
	archiveVersion = 1;
	classes = {
	};
	objectVersion = 46;
	objects = {

/* Begin PBXBuildFile section */
		6FA6E1B11CA27EC7009258E8 /* main.m in Sources */ = {isa = PBXBuildFile; fileRef = 6FA6E1B01CA27EC7009258E8 /* main.m */; };
		6FA6E1B41CA27EC7009258E8 /* AppDelegate.m in Sources */ = {isa = PBXBuildFile; fileRef = 6FA6E1B31CA27EC7009258E8 /* AppDelegate.m */; };
		6FA6E1B71CA27EC7009258E8 /* ViewController.m in Sources */ = {isa = PBXBuildFile; fileRef = 6FA6E1B61CA27EC7009258E8 /* ViewController.m */; };
		6FA6E1BA1CA27EC7009258E8 /* Main.storyboard in Resources */ = {isa = PBXBuildFile; fileRef = 6FA6E1B81CA27EC7009258E8 /* Main.storyboard */; };
		6FA6E1BC1CA27EC7009258E8 /* Assets.xcassets in Resources */ = {isa = PBXBuildFile; fileRef = 6FA6E1BB1CA27EC7009258E8 /* Assets.xcassets */; };
		6FA6E1BF1CA27EC7009258E8 /* LaunchScreen.storyboard in Resources */ = {isa = PBXBuildFile; fileRef = 6FA6E1BD1CA27EC7009258E8 /* LaunchScreen.storyboard */; };
		6FA6E1CA1CA27EC7009258E8 /* WSPickerViewDemoTests.m in Sources */ = {isa = PBXBuildFile; fileRef = 6FA6E1C91CA27EC7009258E8 /* WSPickerViewDemoTests.m */; };
		6FA6E1D51CA27EC7009258E8 /* WSPickerViewDemoUITests.m in Sources */ = {isa = PBXBuildFile; fileRef = 6FA6E1D41CA27EC7009258E8 /* WSPickerViewDemoUITests.m */; };
		6FA6E1E41CA27F35009258E8 /* WSPositionTextField.m in Sources */ = {isa = PBXBuildFile; fileRef = 6FA6E1E31CA27F35009258E8 /* WSPositionTextField.m */; };
/* End PBXBuildFile section */

/* Begin PBXContainerItemProxy section */
		6FA6E1C61CA27EC7009258E8 /* PBXContainerItemProxy */ = {
			isa = PBXContainerItemProxy;
			containerPortal = 6FA6E1A41CA27EC7009258E8 /* Project object */;
			proxyType = 1;
			remoteGlobalIDString = 6FA6E1AB1CA27EC7009258E8;
			remoteInfo = WSPickerViewDemo;
		};
		6FA6E1D11CA27EC7009258E8 /* PBXContainerItemProxy */ = {
			isa = PBXContainerItemProxy;
			containerPortal = 6FA6E1A41CA27EC7009258E8 /* Project object */;
			proxyType = 1;
			remoteGlobalIDString = 6FA6E1AB1CA27EC7009258E8;
			remoteInfo = WSPickerViewDemo;
		};
/* End PBXContainerItemProxy section */

/* Begin PBXFileReference section */
		6FA6E1AC1CA27EC7009258E8 /* WSPickerViewDemo.app */ = {isa = PBXFileReference; explicitFileType = wrapper.application; includeInIndex = 0; path = WSPickerViewDemo.app; sourceTree = BUILT_PRODUCTS_DIR; };
		6FA6E1B01CA27EC7009258E8 /* main.m */ = {isa = PBXFileReference; lastKnownFileType = sourcecode.c.objc; path = main.m; sourceTree = "<group>"; };
		6FA6E1B21CA27EC7009258E8 /* AppDelegate.h */ = {isa = PBXFileReference; lastKnownFileType = sourcecode.c.h; path = AppDelegate.h; sourceTree = "<group>"; };
		6FA6E1B31CA27EC7009258E8 /* AppDelegate.m */ = {isa = PBXFileReference; lastKnownFileType = sourcecode.c.objc; path = AppDelegate.m; sourceTree = "<group>"; };
		6FA6E1B51CA27EC7009258E8 /* ViewController.h */ = {isa = PBXFileReference; lastKnownFileType = sourcecode.c.h; path = ViewController.h; sourceTree = "<group>"; };
		6FA6E1B61CA27EC7009258E8 /* ViewController.m */ = {isa = PBXFileReference; lastKnownFileType = sourcecode.c.objc; path = ViewController.m; sourceTree = "<group>"; };
		6FA6E1B91CA27EC7009258E8 /* Base */ = {isa = PBXFileReference; lastKnownFileType = file.storyboard; name = Base; path = Base.lproj/Main.storyboard; sourceTree = "<group>"; };
		6FA6E1BB1CA27EC7009258E8 /* Assets.xcassets */ = {isa = PBXFileReference; lastKnownFileType = folder.assetcatalog; path = Assets.xcassets; sourceTree = "<group>"; };
		6FA6E1BE1CA27EC7009258E8 /* Base */ = {isa = PBXFileReference; lastKnownFileType = file.storyboard; name = Base; path = Base.lproj/LaunchScreen.storyboard; sourceTree = "<group>"; };
		6FA6E1C01CA27EC7009258E8 /* Info.plist */ = {isa = PBXFileReference; lastKnownFileType = text.plist.xml; path = Info.plist; sourceTree = "<group>"; };
		6FA6E1C51CA27EC7009258E8 /* WSPickerViewDemoTests.xctest */ = {isa = PBXFileReference; explicitFileType = wrapper.cfbundle; includeInIndex = 0; path = WSPickerViewDemoTests.xctest; sourceTree = BUILT_PRODUCTS_DIR; };
		6FA6E1C91CA27EC7009258E8 /* WSPickerViewDemoTests.m */ = {isa = PBXFileReference; lastKnownFileType = sourcecode.c.objc; path = WSPickerViewDemoTests.m; sourceTree = "<group>"; };
		6FA6E1CB1CA27EC7009258E8 /* Info.plist */ = {isa = PBXFileReference; lastKnownFileType = text.plist.xml; path = Info.plist; sourceTree = "<group>"; };
		6FA6E1D01CA27EC7009258E8 /* WSPickerViewDemoUITests.xctest */ = {isa = PBXFileReference; explicitFileType = wrapper.cfbundle; includeInIndex = 0; path = WSPickerViewDemoUITests.xctest; sourceTree = BUILT_PRODUCTS_DIR; };
		6FA6E1D41CA27EC7009258E8 /* WSPickerViewDemoUITests.m */ = {isa = PBXFileReference; lastKnownFileType = sourcecode.c.objc; path = WSPickerViewDemoUITests.m; sourceTree = "<group>"; };
		6FA6E1D61CA27EC7009258E8 /* Info.plist */ = {isa = PBXFileReference; lastKnownFileType = text.plist.xml; path = Info.plist; sourceTree = "<group>"; };
		6FA6E1E21CA27F35009258E8 /* WSPositionTextField.h */ = {isa = PBXFileReference; fileEncoding = 4; lastKnownFileType = sourcecode.c.h; path = WSPositionTextField.h; sourceTree = "<group>"; };
		6FA6E1E31CA27F35009258E8 /* WSPositionTextField.m */ = {isa = PBXFileReference; fileEncoding = 4; lastKnownFileType = sourcecode.c.objc; path = WSPositionTextField.m; sourceTree = "<group>"; };
/* End PBXFileReference section */

/* Begin PBXFrameworksBuildPhase section */
		6FA6E1A91CA27EC7009258E8 /* Frameworks */ = {
			isa = PBXFrameworksBuildPhase;
			buildActionMask = 2147483647;
			files = (
			);
			runOnlyForDeploymentPostprocessing = 0;
		};
		6FA6E1C21CA27EC7009258E8 /* Frameworks */ = {
			isa = PBXFrameworksBuildPhase;
			buildActionMask = 2147483647;
			files = (
			);
			runOnlyForDeploymentPostprocessing = 0;
		};
		6FA6E1CD1CA27EC7009258E8 /* Frameworks */ = {
			isa = PBXFrameworksBuildPhase;
			buildActionMask = 2147483647;
			files = (
			);
			runOnlyForDeploymentPostprocessing = 0;
		};
/* End PBXFrameworksBuildPhase section */

/* Begin PBXGroup section */
		6FA6E1A31CA27EC7009258E8 = {
			isa = PBXGroup;
			children = (
				6FA6E1AE1CA27EC7009258E8 /* WSPickerViewDemo */,
				6FA6E1C81CA27EC7009258E8 /* WSPickerViewDemoTests */,
				6FA6E1D31CA27EC7009258E8 /* WSPickerViewDemoUITests */,
				6FA6E1AD1CA27EC7009258E8 /* Products */,
			);
			sourceTree = "<group>";
		};
		6FA6E1AD1CA27EC7009258E8 /* Products */ = {
			isa = PBXGroup;
			children = (
				6FA6E1AC1CA27EC7009258E8 /* WSPickerViewDemo.app */,
				6FA6E1C51CA27EC7009258E8 /* WSPickerViewDemoTests.xctest */,
				6FA6E1D01CA27EC7009258E8 /* WSPickerViewDemoUITests.xctest */,
			);
			name = Products;
			sourceTree = "<group>";
		};
		6FA6E1AE1CA27EC7009258E8 /* WSPickerViewDemo */ = {
			isa = PBXGroup;
			children = (
				6FA6E1B21CA27EC7009258E8 /* AppDelegate.h */,
				6FA6E1B31CA27EC7009258E8 /* AppDelegate.m */,
				6FA6E1B51CA27EC7009258E8 /* ViewController.h */,
				6FA6E1B61CA27EC7009258E8 /* ViewController.m */,
				6FA6E1E21CA27F35009258E8 /* WSPositionTextField.h */,
				6FA6E1E31CA27F35009258E8 /* WSPositionTextField.m */,
				6FA6E1B81CA27EC7009258E8 /* Main.storyboard */,
				6FA6E1BB1CA27EC7009258E8 /* Assets.xcassets */,
				6FA6E1BD1CA27EC7009258E8 /* LaunchScreen.storyboard */,
				6FA6E1C01CA27EC7009258E8 /* Info.plist */,
				6FA6E1AF1CA27EC7009258E8 /* Supporting Files */,
			);
			path = WSPickerViewDemo;
			sourceTree = "<group>";
		};
		6FA6E1AF1CA27EC7009258E8 /* Supporting Files */ = {
			isa = PBXGroup;
			children = (
				6FA6E1B01CA27EC7009258E8 /* main.m */,
			);
			name = "Supporting Files";
			sourceTree = "<group>";
		};
		6FA6E1C81CA27EC7009258E8 /* WSPickerViewDemoTests */ = {
			isa = PBXGroup;
			children = (
				6FA6E1C91CA27EC7009258E8 /* WSPickerViewDemoTests.m */,
				6FA6E1CB1CA27EC7009258E8 /* Info.plist */,
			);
			path = WSPickerViewDemoTests;
			sourceTree = "<group>";
		};
		6FA6E1D31CA27EC7009258E8 /* WSPickerViewDemoUITests */ = {
			isa = PBXGroup;
			children = (
				6FA6E1D41CA27EC7009258E8 /* WSPickerViewDemoUITests.m */,
				6FA6E1D61CA27EC7009258E8 /* Info.plist */,
			);
			path = WSPickerViewDemoUITests;
			sourceTree = "<group>";
		};
/* End PBXGroup section */

/* Begin PBXNativeTarget section */
		6FA6E1AB1CA27EC7009258E8 /* WSPickerViewDemo */ = {
			isa = PBXNativeTarget;
			buildConfigurationList = 6FA6E1D91CA27EC7009258E8 /* Build configuration list for PBXNativeTarget "WSPickerViewDemo" */;
			buildPhases = (
				6FA6E1A81CA27EC7009258E8 /* Sources */,
				6FA6E1A91CA27EC7009258E8 /* Frameworks */,
				6FA6E1AA1CA27EC7009258E8 /* Resources */,
			);
			buildRules = (
			);
			dependencies = (
			);
			name = WSPickerViewDemo;
			productName = WSPickerViewDemo;
			productReference = 6FA6E1AC1CA27EC7009258E8 /* WSPickerViewDemo.app */;
			productType = "com.apple.product-type.application";
		};
		6FA6E1C41CA27EC7009258E8 /* WSPickerViewDemoTests */ = {
			isa = PBXNativeTarget;
			buildConfigurationList = 6FA6E1DC1CA27EC7009258E8 /* Build configuration list for PBXNativeTarget "WSPickerViewDemoTests" */;
			buildPhases = (
				6FA6E1C11CA27EC7009258E8 /* Sources */,
				6FA6E1C21CA27EC7009258E8 /* Frameworks */,
				6FA6E1C31CA27EC7009258E8 /* Resources */,
			);
			buildRules = (
			);
			dependencies = (
				6FA6E1C71CA27EC7009258E8 /* PBXTargetDependency */,
			);
			name = WSPickerViewDemoTests;
			productName = WSPickerViewDemoTests;
			productReference = 6FA6E1C51CA27EC7009258E8 /* WSPickerViewDemoTests.xctest */;
			productType = "com.apple.product-type.bundle.unit-test";
		};
		6FA6E1CF1CA27EC7009258E8 /* WSPickerViewDemoUITests */ = {
			isa = PBXNativeTarget;
			buildConfigurationList = 6FA6E1DF1CA27EC7009258E8 /* Build configuration list for PBXNativeTarget "WSPickerViewDemoUITests" */;
			buildPhases = (
				6FA6E1CC1CA27EC7009258E8 /* Sources */,
				6FA6E1CD1CA27EC7009258E8 /* Frameworks */,
				6FA6E1CE1CA27EC7009258E8 /* Resources */,
			);
			buildRules = (
			);
			dependencies = (
				6FA6E1D21CA27EC7009258E8 /* PBXTargetDependency */,
			);
			name = WSPickerViewDemoUITests;
			productName = WSPickerViewDemoUITests;
			productReference = 6FA6E1D01CA27EC7009258E8 /* WSPickerViewDemoUITests.xctest */;
			productType = "com.apple.product-type.bundle.ui-testing";
		};
/* End PBXNativeTarget section */

/* Begin PBXProject section */
		6FA6E1A41CA27EC7009258E8 /* Project object */ = {
			isa = PBXProject;
			attributes = {
				LastUpgradeCheck = 0730;
				ORGANIZATIONNAME = wangsong;
				TargetAttributes = {
					6FA6E1AB1CA27EC7009258E8 = {
						CreatedOnToolsVersion = 7.3;
					};
					6FA6E1C41CA27EC7009258E8 = {
						CreatedOnToolsVersion = 7.3;
						TestTargetID = 6FA6E1AB1CA27EC7009258E8;
					};
					6FA6E1CF1CA27EC7009258E8 = {
						CreatedOnToolsVersion = 7.3;
						TestTargetID = 6FA6E1AB1CA27EC7009258E8;
					};
				};
			};
			buildConfigurationList = 6FA6E1A71CA27EC7009258E8 /* Build configuration list for PBXProject "WSPickerViewDemo" */;
			compatibilityVersion = "Xcode 3.2";
			developmentRegion = English;
			hasScannedForEncodings = 0;
			knownRegions = (
				en,
				Base,
			);
			mainGroup = 6FA6E1A31CA27EC7009258E8;
			productRefGroup = 6FA6E1AD1CA27EC7009258E8 /* Products */;
			projectDirPath = "";
			projectRoot = "";
			targets = (
				6FA6E1AB1CA27EC7009258E8 /* WSPickerViewDemo */,
				6FA6E1C41CA27EC7009258E8 /* WSPickerViewDemoTests */,
				6FA6E1CF1CA27EC7009258E8 /* WSPickerViewDemoUITests */,
			);
		};
/* End PBXProject section */

/* Begin PBXResourcesBuildPhase section */
		6FA6E1AA1CA27EC7009258E8 /* Resources */ = {
			isa = PBXResourcesBuildPhase;
			buildActionMask = 2147483647;
			files = (
				6FA6E1BF1CA27EC7009258E8 /* LaunchScreen.storyboard in Resources */,
				6FA6E1BC1CA27EC7009258E8 /* Assets.xcassets in Resources */,
				6FA6E1BA1CA27EC7009258E8 /* Main.storyboard in Resources */,
			);
			runOnlyForDeploymentPostprocessing = 0;
		};
		6FA6E1C31CA27EC7009258E8 /* Resources */ = {
			isa = PBXResourcesBuildPhase;
			buildActionMask = 2147483647;
			files = (
			);
			runOnlyForDeploymentPostprocessing = 0;
		};
		6FA6E1CE1CA27EC7009258E8 /* Resources */ = {
			isa = PBXResourcesBuildPhase;
			buildActionMask = 2147483647;
			files = (
			);
			runOnlyForDeploymentPostprocessing = 0;
		};
/* End PBXResourcesBuildPhase section */

/* Begin PBXSourcesBuildPhase section */
		6FA6E1A81CA27EC7009258E8 /* Sources */ = {
			isa = PBXSourcesBuildPhase;
			buildActionMask = 2147483647;
			files = (
				6FA6E1E41CA27F35009258E8 /* WSPositionTextField.m in Sources */,
				6FA6E1B71CA27EC7009258E8 /* ViewController.m in Sources */,
				6FA6E1B41CA27EC7009258E8 /* AppDelegate.m in Sources */,
				6FA6E1B11CA27EC7009258E8 /* main.m in Sources */,
			);
			runOnlyForDeploymentPostprocessing = 0;
		};
		6FA6E1C11CA27EC7009258E8 /* Sources */ = {
			isa = PBXSourcesBuildPhase;
			buildActionMask = 2147483647;
			files = (
				6FA6E1CA1CA27EC7009258E8 /* WSPickerViewDemoTests.m in Sources */,
			);
			runOnlyForDeploymentPostprocessing = 0;
		};
		6FA6E1CC1CA27EC7009258E8 /* Sources */ = {
			isa = PBXSourcesBuildPhase;
			buildActionMask = 2147483647;
			files = (
				6FA6E1D51CA27EC7009258E8 /* WSPickerViewDemoUITests.m in Sources */,
			);
			runOnlyForDeploymentPostprocessing = 0;
		};
/* End PBXSourcesBuildPhase section */

/* Begin PBXTargetDependency section */
		6FA6E1C71CA27EC7009258E8 /* PBXTargetDependency */ = {
			isa = PBXTargetDependency;
			target = 6FA6E1AB1CA27EC7009258E8 /* WSPickerViewDemo */;
			targetProxy = 6FA6E1C61CA27EC7009258E8 /* PBXContainerItemProxy */;
		};
		6FA6E1D21CA27EC7009258E8 /* PBXTargetDependency */ = {
			isa = PBXTargetDependency;
			target = 6FA6E1AB1CA27EC7009258E8 /* WSPickerViewDemo */;
			targetProxy = 6FA6E1D11CA27EC7009258E8 /* PBXContainerItemProxy */;
		};
/* End PBXTargetDependency section */

/* Begin PBXVariantGroup section */
		6FA6E1B81CA27EC7009258E8 /* Main.storyboard */ = {
			isa = PBXVariantGroup;
			children = (
				6FA6E1B91CA27EC7009258E8 /* Base */,
			);
			name = Main.storyboard;
			sourceTree = "<group>";
		};
		6FA6E1BD1CA27EC7009258E8 /* LaunchScreen.storyboard */ = {
			isa = PBXVariantGroup;
			children = (
				6FA6E1BE1CA27EC7009258E8 /* Base */,
			);
			name = LaunchScreen.storyboard;
			sourceTree = "<group>";
		};
/* End PBXVariantGroup section */

/* Begin XCBuildConfiguration section */
		6FA6E1D71CA27EC7009258E8 /* Debug */ = {
			isa = XCBuildConfiguration;
			buildSettings = {
				ALWAYS_SEARCH_USER_PATHS = NO;
				CLANG_ANALYZER_NONNULL = YES;
				CLANG_CXX_LANGUAGE_STANDARD = "gnu++0x";
				CLANG_CXX_LIBRARY = "libc++";
				CLANG_ENABLE_MODULES = YES;
				CLANG_ENABLE_OBJC_ARC = YES;
				CLANG_WARN_BOOL_CONVERSION = YES;
				CLANG_WARN_CONSTANT_CONVERSION = YES;
				CLANG_WARN_DIRECT_OBJC_ISA_USAGE = YES_ERROR;
				CLANG_WARN_EMPTY_BODY = YES;
				CLANG_WARN_ENUM_CONVERSION = YES;
				CLANG_WARN_INT_CONVERSION = YES;
				CLANG_WARN_OBJC_ROOT_CLASS = YES_ERROR;
				CLANG_WARN_UNREACHABLE_CODE = YES;
				CLANG_WARN__DUPLICATE_METHOD_MATCH = YES;
				"CODE_SIGN_IDENTITY[sdk=iphoneos*]" = "iPhone Developer";
				COPY_PHASE_STRIP = NO;
				DEBUG_INFORMATION_FORMAT = dwarf;
				ENABLE_STRICT_OBJC_MSGSEND = YES;
				ENABLE_TESTABILITY = YES;
				GCC_C_LANGUAGE_STANDARD = gnu99;
				GCC_DYNAMIC_NO_PIC = NO;
				GCC_NO_COMMON_BLOCKS = YES;
				GCC_OPTIMIZATION_LEVEL = 0;
				GCC_PREPROCESSOR_DEFINITIONS = (
					"DEBUG=1",
					"$(inherited)",
				);
				GCC_WARN_64_TO_32_BIT_CONVERSION = YES;
				GCC_WARN_ABOUT_RETURN_TYPE = YES_ERROR;
				GCC_WARN_UNDECLARED_SELECTOR = YES;
				GCC_WARN_UNINITIALIZED_AUTOS = YES_AGGRESSIVE;
				GCC_WARN_UNUSED_FUNCTION = YES;
				GCC_WARN_UNUSED_VARIABLE = YES;
				IPHONEOS_DEPLOYMENT_TARGET = 9.3;
				MTL_ENABLE_DEBUG_INFO = YES;
				ONLY_ACTIVE_ARCH = YES;
				SDKROOT = iphoneos;
				TARGETED_DEVICE_FAMILY = "1,2";
			};
			name = Debug;
		};
		6FA6E1D81CA27EC7009258E8 /* Release */ = {
			isa = XCBuildConfiguration;
			buildSettings = {
				ALWAYS_SEARCH_USER_PATHS = NO;
				CLANG_ANALYZER_NONNULL = YES;
				CLANG_CXX_LANGUAGE_STANDARD = "gnu++0x";
				CLANG_CXX_LIBRARY = "libc++";
				CLANG_ENABLE_MODULES = YES;
				CLANG_ENABLE_OBJC_ARC = YES;
				CLANG_WARN_BOOL_CONVERSION = YES;
				CLANG_WARN_CONSTANT_CONVERSION = YES;
				CLANG_WARN_DIRECT_OBJC_ISA_USAGE = YES_ERROR;
				CLANG_WARN_EMPTY_BODY = YES;
				CLANG_WARN_ENUM_CONVERSION = YES;
				CLANG_WARN_INT_CONVERSION = YES;
				CLANG_WARN_OBJC_ROOT_CLASS = YES_ERROR;
				CLANG_WARN_UNREACHABLE_CODE = YES;
				CLANG_WARN__DUPLICATE_METHOD_MATCH = YES;
				"CODE_SIGN_IDENTITY[sdk=iphoneos*]" = "iPhone Developer";
				COPY_PHASE_STRIP = NO;
				DEBUG_INFORMATION_FORMAT = "dwarf-with-dsym";
				ENABLE_NS_ASSERTIONS = NO;
				ENABLE_STRICT_OBJC_MSGSEND = YES;
				GCC_C_LANGUAGE_STANDARD = gnu99;
				GCC_NO_COMMON_BLOCKS = YES;
				GCC_WARN_64_TO_32_BIT_CONVERSION = YES;
				GCC_WARN_ABOUT_RETURN_TYPE = YES_ERROR;
				GCC_WARN_UNDECLARED_SELECTOR = YES;
				GCC_WARN_UNINITIALIZED_AUTOS = YES_AGGRESSIVE;
				GCC_WARN_UNUSED_FUNCTION = YES;
				GCC_WARN_UNUSED_VARIABLE = YES;
				IPHONEOS_DEPLOYMENT_TARGET = 9.3;
				MTL_ENABLE_DEBUG_INFO = NO;
				SDKROOT = iphoneos;
				TARGETED_DEVICE_FAMILY = "1,2";
				VALIDATE_PRODUCT = YES;
			};
			name = Release;
		};
		6FA6E1DA1CA27EC7009258E8 /* Debug */ = {
			isa = XCBuildConfiguration;
			buildSettings = {
				ASSETCATALOG_COMPILER_APPICON_NAME = AppIcon;
				INFOPLIST_FILE = WSPickerViewDemo/Info.plist;
				LD_RUNPATH_SEARCH_PATHS = "$(inherited) @executable_path/Frameworks";
				PRODUCT_BUNDLE_IDENTIFIER = com.WSiOS.WSPickerViewDemo;
				PRODUCT_NAME = "$(TARGET_NAME)";
			};
			name = Debug;
		};
		6FA6E1DB1CA27EC7009258E8 /* Release */ = {
			isa = XCBuildConfiguration;
			buildSettings = {
				ASSETCATALOG_COMPILER_APPICON_NAME = AppIcon;
				INFOPLIST_FILE = WSPickerViewDemo/Info.plist;
				LD_RUNPATH_SEARCH_PATHS = "$(inherited) @executable_path/Frameworks";
				PRODUCT_BUNDLE_IDENTIFIER = com.WSiOS.WSPickerViewDemo;
				PRODUCT_NAME = "$(TARGET_NAME)";
			};
			name = Release;
		};
		6FA6E1DD1CA27EC7009258E8 /* Debug */ = {
			isa = XCBuildConfiguration;
			buildSettings = {
				BUNDLE_LOADER = "$(TEST_HOST)";
				INFOPLIST_FILE = WSPickerViewDemoTests/Info.plist;
				LD_RUNPATH_SEARCH_PATHS = "$(inherited) @executable_path/Frameworks @loader_path/Frameworks";
				PRODUCT_BUNDLE_IDENTIFIER = com.WSiOS.WSPickerViewDemoTests;
				PRODUCT_NAME = "$(TARGET_NAME)";
				TEST_HOST = "$(BUILT_PRODUCTS_DIR)/WSPickerViewDemo.app/WSPickerViewDemo";
			};
			name = Debug;
		};
		6FA6E1DE1CA27EC7009258E8 /* Release */ = {
			isa = XCBuildConfiguration;
			buildSettings = {
				BUNDLE_LOADER = "$(TEST_HOST)";
				INFOPLIST_FILE = WSPickerViewDemoTests/Info.plist;
				LD_RUNPATH_SEARCH_PATHS = "$(inherited) @executable_path/Frameworks @loader_path/Frameworks";
				PRODUCT_BUNDLE_IDENTIFIER = com.WSiOS.WSPickerViewDemoTests;
				PRODUCT_NAME = "$(TARGET_NAME)";
				TEST_HOST = "$(BUILT_PRODUCTS_DIR)/WSPickerViewDemo.app/WSPickerViewDemo";
			};
			name = Release;
		};
		6FA6E1E01CA27EC7009258E8 /* Debug */ = {
			isa = XCBuildConfiguration;
			buildSettings = {
				INFOPLIST_FILE = WSPickerViewDemoUITests/Info.plist;
				LD_RUNPATH_SEARCH_PATHS = "$(inherited) @executable_path/Frameworks @loader_path/Frameworks";
				PRODUCT_BUNDLE_IDENTIFIER = com.WSiOS.WSPickerViewDemoUITests;
				PRODUCT_NAME = "$(TARGET_NAME)";
				TEST_TARGET_NAME = WSPickerViewDemo;
			};
			name = Debug;
		};
		6FA6E1E11CA27EC7009258E8 /* Release */ = {
			isa = XCBuildConfiguration;
			buildSettings = {
				INFOPLIST_FILE = WSPickerViewDemoUITests/Info.plist;
				LD_RUNPATH_SEARCH_PATHS = "$(inherited) @executable_path/Frameworks @loader_path/Frameworks";
				PRODUCT_BUNDLE_IDENTIFIER = com.WSiOS.WSPickerViewDemoUITests;
				PRODUCT_NAME = "$(TARGET_NAME)";
				TEST_TARGET_NAME = WSPickerViewDemo;
			};
			name = Release;
		};
/* End XCBuildConfiguration section */

/* Begin XCConfigurationList section */
		6FA6E1A71CA27EC7009258E8 /* Build configuration list for PBXProject "WSPickerViewDemo" */ = {
			isa = XCConfigurationList;
			buildConfigurations = (
				6FA6E1D71CA27EC7009258E8 /* Debug */,
				6FA6E1D81CA27EC7009258E8 /* Release */,
			);
			defaultConfigurationIsVisible = 0;
			defaultConfigurationName = Release;
		};
		6FA6E1D91CA27EC7009258E8 /* Build configuration list for PBXNativeTarget "WSPickerViewDemo" */ = {
			isa = XCConfigurationList;
			buildConfigurations = (
				6FA6E1DA1CA27EC7009258E8 /* Debug */,
				6FA6E1DB1CA27EC7009258E8 /* Release */,
			);
			defaultConfigurationIsVisible = 0;
		};
		6FA6E1DC1CA27EC7009258E8 /* Build configuration list for PBXNativeTarget "WSPickerViewDemoTests" */ = {
			isa = XCConfigurationList;
			buildConfigurations = (
				6FA6E1DD1CA27EC7009258E8 /* Debug */,
				6FA6E1DE1CA27EC7009258E8 /* Release */,
			);
			defaultConfigurationIsVisible = 0;
		};
		6FA6E1DF1CA27EC7009258E8 /* Build configuration list for PBXNativeTarget "WSPickerViewDemoUITests" */ = {
			isa = XCConfigurationList;
			buildConfigurations = (
				6FA6E1E01CA27EC7009258E8 /* Debug */,
				6FA6E1E11CA27EC7009258E8 /* Release */,
			);
			defaultConfigurationIsVisible = 0;
		};
/* End XCConfigurationList section */
	};
	rootObject = 6FA6E1A41CA27EC7009258E8 /* Project object */;
}
